
Microsoft Visual Studio Solution File, Format Version 12.00
Project("{9A19103F-16F7-4668-BE54-9A1E7A4F7556}") = "_build", "build\_build.csproj", "{259A30DB-EEEC-4C72-8172-2567FE83BF08}"
EndProject
Project("{FAE04EC0-301F-11D3-BF4B-00C04F79EFBC}") = "Backend.Fx.Mediator", "src\Backend.Fx.Mediator\Backend.Fx.Mediator.csproj", "{C5CA9D32-BC39-41B6-AAD4-E2D901B1264B}"
EndProject
Project("{FAE04EC0-301F-11D3-BF4B-00C04F79EFBC}") = "Backend.Fx.Mediator.Feature", "src\Backend.Fx.Mediator.Feature\Backend.Fx.Mediator.Feature.csproj", "{949B9759-6C80-4A68-8F14-1E0DCB5FCC65}"
EndProject
Global
	GlobalSection(SolutionConfigurationPlatforms) = preSolution
		Debug|Any CPU = Debug|Any CPU
		Release|Any CPU = Release|Any CPU
	EndGlobalSection
	GlobalSection(ProjectConfigurationPlatforms) = postSolution
		{259A30DB-EEEC-4C72-8172-2567FE83BF08}.Debug|Any CPU.ActiveCfg = Debug|Any CPU
		{259A30DB-EEEC-4C72-8172-2567FE83BF08}.Release|Any CPU.ActiveCfg = Release|Any CPU
		{C5CA9D32-BC39-41B6-AAD4-E2D901B1264B}.Debug|Any CPU.ActiveCfg = Debug|Any CPU
		{C5CA9D32-BC39-41B6-AAD4-E2D901B1264B}.Debug|Any CPU.Build.0 = Debug|Any CPU
		{C5CA9D32-BC39-41B6-AAD4-E2D901B1264B}.Release|Any CPU.ActiveCfg = Release|Any CPU
		{C5CA9D32-BC39-41B6-AAD4-E2D901B1264B}.Release|Any CPU.Build.0 = Release|Any CPU
		{949B9759-6C80-4A68-8F14-1E0DCB5FCC65}.Debug|Any CPU.ActiveCfg = Debug|Any CPU
		{949B9759-6C80-4A68-8F14-1E0DCB5FCC65}.Debug|Any CPU.Build.0 = Debug|Any CPU
		{949B9759-6C80-4A68-8F14-1E0DCB5FCC65}.Release|Any CPU.ActiveCfg = Release|Any CPU
		{949B9759-6C80-4A68-8F14-1E0DCB5FCC65}.Release|Any CPU.Build.0 = Release|Any CPU
	EndGlobalSection
EndGlobal
